
Microsoft Visual Studio Solution File, Format Version 12.00
# Visual Studio Version 17
VisualStudioVersion = 17.11.35222.181
MinimumVisualStudioVersion = 10.0.40219.1
Project("{9A19103F-16F7-4668-BE54-9A1E7A4F7556}") = "Clinica", "Clinica\Clinica.csproj", "{544AE7B8-A894-4C22-884F-71EE9AD3A9F2}"
EndProject
Project("{9A19103F-16F7-4668-BE54-9A1E7A4F7556}") = "POJO", "POJO\POJO.csproj", "{2DFAB92B-4DEE-44AD-8BDA-2F4831A3B2DC}"
EndProject
Project("{9A19103F-16F7-4668-BE54-9A1E7A4F7556}") = "BLL", "BLL\BLL.csproj", "{D9AA7669-EA5C-45C2-9ED7-B1F6031EAA5A}"
EndProject
Project("{FAE04EC0-301F-11D3-BF4B-00C04F79EFBC}") = "DAL", "DAL\DAL.csproj", "{4D6523A9-7003-4904-81B9-A75EA55CBDC0}"
EndProject
Global
	GlobalSection(SolutionConfigurationPlatforms) = preSolution
		Debug|Any CPU = Debug|Any CPU
		Release|Any CPU = Release|Any CPU
	EndGlobalSection
	GlobalSection(ProjectConfigurationPlatforms) = postSolution
		{544AE7B8-A894-4C22-884F-71EE9AD3A9F2}.Debug|Any CPU.ActiveCfg = Debug|Any CPU
		{544AE7B8-A894-4C22-884F-71EE9AD3A9F2}.Debug|Any CPU.Build.0 = Debug|Any CPU
		{544AE7B8-A894-4C22-884F-71EE9AD3A9F2}.Release|Any CPU.ActiveCfg = Release|Any CPU
		{544AE7B8-A894-4C22-884F-71EE9AD3A9F2}.Release|Any CPU.Build.0 = Release|Any CPU
		{2DFAB92B-4DEE-44AD-8BDA-2F4831A3B2DC}.Debug|Any CPU.ActiveCfg = Debug|Any CPU
		{2DFAB92B-4DEE-44AD-8BDA-2F4831A3B2DC}.Debug|Any CPU.Build.0 = Debug|Any CPU
		{2DFAB92B-4DEE-44AD-8BDA-2F4831A3B2DC}.Release|Any CPU.ActiveCfg = Release|Any CPU
		{2DFAB92B-4DEE-44AD-8BDA-2F4831A3B2DC}.Release|Any CPU.Build.0 = Release|Any CPU
		{D9AA7669-EA5C-45C2-9ED7-B1F6031EAA5A}.Debug|Any CPU.ActiveCfg = Debug|Any CPU
		{D9AA7669-EA5C-45C2-9ED7-B1F6031EAA5A}.Debug|Any CPU.Build.0 = Debug|Any CPU
		{D9AA7669-EA5C-45C2-9ED7-B1F6031EAA5A}.Release|Any CPU.ActiveCfg = Release|Any CPU
		{D9AA7669-EA5C-45C2-9ED7-B1F6031EAA5A}.Release|Any CPU.Build.0 = Release|Any CPU
		{4D6523A9-7003-4904-81B9-A75EA55CBDC0}.Debug|Any CPU.ActiveCfg = Debug|Any CPU
		{4D6523A9-7003-4904-81B9-A75EA55CBDC0}.Debug|Any CPU.Build.0 = Debug|Any CPU
		{4D6523A9-7003-4904-81B9-A75EA55CBDC0}.Release|Any CPU.ActiveCfg = Release|Any CPU
		{4D6523A9-7003-4904-81B9-A75EA55CBDC0}.Release|Any CPU.Build.0 = Release|Any CPU
	EndGlobalSection
	GlobalSection(SolutionProperties) = preSolution
		HideSolutionNode = FALSE
	EndGlobalSection
	GlobalSection(ExtensibilityGlobals) = postSolution
		SolutionGuid = {E87C39A9-AC1C-4CF0-870F-DB771A9D549E}
	EndGlobalSection
EndGlobal
